
Microsoft Visual Studio Solution File, Format Version 12.00
# Visual Studio 14
VisualStudioVersion = 14.0.25420.1
MinimumVisualStudioVersion = 10.0.40219.1
Project("{8BC9CEB8-8B4A-11D0-8D11-00A0C91BC942}") = "ProgramowanieAbstrakcyjne3", "ProgramowanieAbstrakcyjne3\ProgramowanieAbstrakcyjne3.vcxproj", "{45B11C55-6A30-466A-ABFA-D130216900A7}"
EndProject
Project("{FAE04EC0-301F-11D3-BF4B-00C04F79EFBC}") = "ProgramowanieAbstrakcyjne4", "ProgramowanieAbstrakcyjne4\ProgramowanieAbstrakcyjne4.csproj", "{A3E0EFCF-C9F3-4971-95DA-7ABC1BA6A536}"
EndProject
Global
	GlobalSection(SolutionConfigurationPlatforms) = preSolution
		Debug|Any CPU = Debug|Any CPU
		Debug|x64 = Debug|x64
		Debug|x86 = Debug|x86
		Release|Any CPU = Release|Any CPU
		Release|x64 = Release|x64
		Release|x86 = Release|x86
	EndGlobalSection
	GlobalSection(ProjectConfigurationPlatforms) = postSolution
		{45B11C55-6A30-466A-ABFA-D130216900A7}.Debug|Any CPU.ActiveCfg = Debug|Win32
		{45B11C55-6A30-466A-ABFA-D130216900A7}.Debug|x64.ActiveCfg = Debug|x64
		{45B11C55-6A30-466A-ABFA-D130216900A7}.Debug|x64.Build.0 = Debug|x64
		{45B11C55-6A30-466A-ABFA-D130216900A7}.Debug|x86.ActiveCfg = Debug|Win32
		{45B11C55-6A30-466A-ABFA-D130216900A7}.Debug|x86.Build.0 = Debug|Win32
		{45B11C55-6A30-466A-ABFA-D130216900A7}.Release|Any CPU.ActiveCfg = Release|Win32
		{45B11C55-6A30-466A-ABFA-D130216900A7}.Release|x64.ActiveCfg = Release|x64
		{45B11C55-6A30-466A-ABFA-D130216900A7}.Release|x64.Build.0 = Release|x64
		{45B11C55-6A30-466A-ABFA-D130216900A7}.Release|x86.ActiveCfg = Release|Win32
		{45B11C55-6A30-466A-ABFA-D130216900A7}.Release|x86.Build.0 = Release|Win32
		{A3E0EFCF-C9F3-4971-95DA-7ABC1BA6A536}.Debug|Any CPU.ActiveCfg = Debug|Any CPU
		{A3E0EFCF-C9F3-4971-95DA-7ABC1BA6A536}.Debug|Any CPU.Build.0 = Debug|Any CPU
		{A3E0EFCF-C9F3-4971-95DA-7ABC1BA6A536}.Debug|x64.ActiveCfg = Debug|Any CPU
		{A3E0EFCF-C9F3-4971-95DA-7ABC1BA6A536}.Debug|x64.Build.0 = Debug|Any CPU
		{A3E0EFCF-C9F3-4971-95DA-7ABC1BA6A536}.Debug|x86.ActiveCfg = Debug|Any CPU
		{A3E0EFCF-C9F3-4971-95DA-7ABC1BA6A536}.Debug|x86.Build.0 = Debug|Any CPU
		{A3E0EFCF-C9F3-4971-95DA-7ABC1BA6A536}.Release|Any CPU.ActiveCfg = Release|Any CPU
		{A3E0EFCF-C9F3-4971-95DA-7ABC1BA6A536}.Release|Any CPU.Build.0 = Release|Any CPU
		{A3E0EFCF-C9F3-4971-95DA-7ABC1BA6A536}.Release|x64.ActiveCfg = Release|Any CPU
		{A3E0EFCF-C9F3-4971-95DA-7ABC1BA6A536}.Release|x64.Build.0 = Release|Any CPU
		{A3E0EFCF-C9F3-4971-95DA-7ABC1BA6A536}.Release|x86.ActiveCfg = Release|Any CPU
		{A3E0EFCF-C9F3-4971-95DA-7ABC1BA6A536}.Release|x86.Build.0 = Release|Any CPU
	EndGlobalSection
	GlobalSection(SolutionProperties) = preSolution
		HideSolutionNode = FALSE
	EndGlobalSection
EndGlobal
